
Microsoft Visual Studio Solution File, Format Version 12.00
# Visual Studio Version 17
VisualStudioVersion = 17.14.36212.18
MinimumVisualStudioVersion = 10.0.40219.1
Project("{FAE04EC0-301F-11D3-BF4B-00C04F79EFBC}") = "TenantsManagementApp", "IdentityDemo\TenantsManagementApp.csproj", "{B971F2A5-D667-4A39-9010-A564B079351E}"
EndProject
Global
	GlobalSection(SolutionConfigurationPlatforms) = preSolution
		Debug|Any CPU = Debug|Any CPU
		Release|Any CPU = Release|Any CPU
	EndGlobalSection
	GlobalSection(ProjectConfigurationPlatforms) = postSolution
		{B971F2A5-D667-4A39-9010-A564B079351E}.Debug|Any CPU.ActiveCfg = Debug|Any CPU
		{B971F2A5-D667-4A39-9010-A564B079351E}.Debug|Any CPU.Build.0 = Debug|Any CPU
		{B971F2A5-D667-4A39-9010-A564B079351E}.Release|Any CPU.ActiveCfg = Release|Any CPU
		{B971F2A5-D667-4A39-9010-A564B079351E}.Release|Any CPU.Build.0 = Release|Any CPU
	EndGlobalSection
	GlobalSection(SolutionProperties) = preSolution
		HideSolutionNode = FALSE
	EndGlobalSection
	GlobalSection(ExtensibilityGlobals) = postSolution
		SolutionGuid = {823D37FB-0F3F-430D-8FD4-EE0DF9F48C85}
	EndGlobalSection
EndGlobal
